// !$*UTF8*$!
{
	archiveVersion = 1;
	classes = {
	};
	objectVersion = 51;
	objects = {

/* Begin PBXBuildFile section */
		6BE6694A25CB36F9009BEF52 /* AppDelegate.swift in Sources */ = {isa = PBXBuildFile; fileRef = 6BE6694925CB36F9009BEF52 /* AppDelegate.swift */; };
		6BE6694E25CB36F9009BEF52 /* SplashViewController.swift in Sources */ = {isa = PBXBuildFile; fileRef = 6BE6694D25CB36F9009BEF52 /* SplashViewController.swift */; };
		6BE6695325CB36FB009BEF52 /* Assets.xcassets in Resources */ = {isa = PBXBuildFile; fileRef = 6BE6695225CB36FB009BEF52 /* Assets.xcassets */; };
		6BE6695625CB36FB009BEF52 /* LaunchScreen.storyboard in Resources */ = {isa = PBXBuildFile; fileRef = 6BE6695425CB36FB009BEF52 /* LaunchScreen.storyboard */; };
		6BE6697925CB424A009BEF52 /* UIView+AutoLayout.swift in Sources */ = {isa = PBXBuildFile; fileRef = 6BE6697825CB424A009BEF52 /* UIView+AutoLayout.swift */; };
		6BE6697F25CC0425009BEF52 /* UIColor.swift in Sources */ = {isa = PBXBuildFile; fileRef = 6BE6697E25CC0425009BEF52 /* UIColor.swift */; };
		EF53D083B519F954372E7086 /* Pods_TechTeam.framework in Frameworks */ = {isa = PBXBuildFile; fileRef = 0F8E327EDD05548D0F815F48 /* Pods_TechTeam.framework */; };
/* End PBXBuildFile section */

/* Begin PBXFileReference section */
		02A8758500131BEA333C7259 /* Pods-TechTeam.release.xcconfig */ = {isa = PBXFileReference; includeInIndex = 1; lastKnownFileType = text.xcconfig; name = "Pods-TechTeam.release.xcconfig"; path = "Target Support Files/Pods-TechTeam/Pods-TechTeam.release.xcconfig"; sourceTree = "<group>"; };
		0F8E327EDD05548D0F815F48 /* Pods_TechTeam.framework */ = {isa = PBXFileReference; explicitFileType = wrapper.framework; includeInIndex = 0; path = Pods_TechTeam.framework; sourceTree = BUILT_PRODUCTS_DIR; };
		3428D9B8196109A80D41C649 /* Pods-TechTeam.debug.xcconfig */ = {isa = PBXFileReference; includeInIndex = 1; lastKnownFileType = text.xcconfig; name = "Pods-TechTeam.debug.xcconfig"; path = "Target Support Files/Pods-TechTeam/Pods-TechTeam.debug.xcconfig"; sourceTree = "<group>"; };
		6BE6694625CB36F9009BEF52 /* TechTeam.app */ = {isa = PBXFileReference; explicitFileType = wrapper.application; includeInIndex = 0; path = TechTeam.app; sourceTree = BUILT_PRODUCTS_DIR; };
		6BE6694925CB36F9009BEF52 /* AppDelegate.swift */ = {isa = PBXFileReference; lastKnownFileType = sourcecode.swift; path = AppDelegate.swift; sourceTree = "<group>"; };
		6BE6694D25CB36F9009BEF52 /* SplashViewController.swift */ = {isa = PBXFileReference; lastKnownFileType = sourcecode.swift; path = SplashViewController.swift; sourceTree = "<group>"; };
		6BE6695225CB36FB009BEF52 /* Assets.xcassets */ = {isa = PBXFileReference; lastKnownFileType = folder.assetcatalog; path = Assets.xcassets; sourceTree = "<group>"; };
		6BE6695525CB36FB009BEF52 /* Base */ = {isa = PBXFileReference; lastKnownFileType = file.storyboard; name = Base; path = Base.lproj/LaunchScreen.storyboard; sourceTree = "<group>"; };
		6BE6695725CB36FB009BEF52 /* Info.plist */ = {isa = PBXFileReference; lastKnownFileType = text.plist.xml; path = Info.plist; sourceTree = "<group>"; };
		6BE6697825CB424A009BEF52 /* UIView+AutoLayout.swift */ = {isa = PBXFileReference; fileEncoding = 4; lastKnownFileType = sourcecode.swift; path = "UIView+AutoLayout.swift"; sourceTree = "<group>"; };
		6BE6697E25CC0425009BEF52 /* UIColor.swift */ = {isa = PBXFileReference; lastKnownFileType = sourcecode.swift; path = UIColor.swift; sourceTree = "<group>"; };
/* End PBXFileReference section */

/* Begin PBXFrameworksBuildPhase section */
		6BE6694325CB36F9009BEF52 /* Frameworks */ = {
			isa = PBXFrameworksBuildPhase;
			buildActionMask = 2147483647;
			files = (
				EF53D083B519F954372E7086 /* Pods_TechTeam.framework in Frameworks */,
			);
			runOnlyForDeploymentPostprocessing = 0;
		};
/* End PBXFrameworksBuildPhase section */

/* Begin PBXGroup section */
		37B67B840CF41A68C41EE36F /* Pods */ = {
			isa = PBXGroup;
			children = (
				3428D9B8196109A80D41C649 /* Pods-TechTeam.debug.xcconfig */,
				02A8758500131BEA333C7259 /* Pods-TechTeam.release.xcconfig */,
			);
			path = Pods;
			sourceTree = "<group>";
		};
		6BE6693D25CB36F9009BEF52 = {
			isa = PBXGroup;
			children = (
				6BE6694825CB36F9009BEF52 /* TechTeam */,
				6BE6694725CB36F9009BEF52 /* Products */,
				37B67B840CF41A68C41EE36F /* Pods */,
				7240822A9DD8E52F42264117 /* Frameworks */,
			);
			sourceTree = "<group>";
		};
		6BE6694725CB36F9009BEF52 /* Products */ = {
			isa = PBXGroup;
			children = (
				6BE6694625CB36F9009BEF52 /* TechTeam.app */,
			);
			name = Products;
			sourceTree = "<group>";
		};
		6BE6694825CB36F9009BEF52 /* TechTeam */ = {
			isa = PBXGroup;
			children = (
				6BE6695725CB36FB009BEF52 /* Info.plist */,
				6BE6694925CB36F9009BEF52 /* AppDelegate.swift */,
				6BE6694D25CB36F9009BEF52 /* SplashViewController.swift */,
				6BE6697525CB4120009BEF52 /* Helpers */,
				6BE6696B25CB3D7F009BEF52 /* Supporting Files */,
			);
			path = TechTeam;
			sourceTree = "<group>";
		};
		6BE6696B25CB3D7F009BEF52 /* Supporting Files */ = {
			isa = PBXGroup;
			children = (
				6BE6695225CB36FB009BEF52 /* Assets.xcassets */,
				6BE6695425CB36FB009BEF52 /* LaunchScreen.storyboard */,
			);
			path = "Supporting Files";
			sourceTree = "<group>";
		};
		6BE6697525CB4120009BEF52 /* Helpers */ = {
			isa = PBXGroup;
			children = (
				6BE6697625CB4125009BEF52 /* Extensions */,
			);
			path = Helpers;
			sourceTree = "<group>";
		};
		6BE6697625CB4125009BEF52 /* Extensions */ = {
			isa = PBXGroup;
			children = (
				6BE6697825CB424A009BEF52 /* UIView+AutoLayout.swift */,
				6BE6697E25CC0425009BEF52 /* UIColor.swift */,
			);
			path = Extensions;
			sourceTree = "<group>";
		};
		7240822A9DD8E52F42264117 /* Frameworks */ = {
			isa = PBXGroup;
			children = (
				0F8E327EDD05548D0F815F48 /* Pods_TechTeam.framework */,
			);
			name = Frameworks;
			sourceTree = "<group>";
		};
/* End PBXGroup section */

/* Begin PBXNativeTarget section */
		6BE6694525CB36F9009BEF52 /* TechTeam */ = {
			isa = PBXNativeTarget;
			buildConfigurationList = 6BE6695A25CB36FB009BEF52 /* Build configuration list for PBXNativeTarget "TechTeam" */;
			buildPhases = (
				08E88154418BB82D91BBA9F6 /* [CP] Check Pods Manifest.lock */,
				6BE6694225CB36F9009BEF52 /* Sources */,
				6BE6694325CB36F9009BEF52 /* Frameworks */,
				6BE6694425CB36F9009BEF52 /* Resources */,
				025DEE93C3919339D3CF1499 /* [CP] Embed Pods Frameworks */,
			);
			buildRules = (
			);
			dependencies = (
			);
			name = TechTeam;
			productName = TechTeam;
			productReference = 6BE6694625CB36F9009BEF52 /* TechTeam.app */;
			productType = "com.apple.product-type.application";
		};
/* End PBXNativeTarget section */

/* Begin PBXProject section */
		6BE6693E25CB36F9009BEF52 /* Project object */ = {
			isa = PBXProject;
			attributes = {
				LastSwiftUpdateCheck = 1230;
				LastUpgradeCheck = 1230;
				TargetAttributes = {
					6BE6694525CB36F9009BEF52 = {
						CreatedOnToolsVersion = 12.3;
					};
				};
			};
			buildConfigurationList = 6BE6694125CB36F9009BEF52 /* Build configuration list for PBXProject "TechTeam" */;
			compatibilityVersion = "Xcode 9.3";
			developmentRegion = en;
			hasScannedForEncodings = 0;
			knownRegions = (
				en,
				Base,
			);
			mainGroup = 6BE6693D25CB36F9009BEF52;
			productRefGroup = 6BE6694725CB36F9009BEF52 /* Products */;
			projectDirPath = "";
			projectRoot = "";
			targets = (
				6BE6694525CB36F9009BEF52 /* TechTeam */,
			);
		};
/* End PBXProject section */

/* Begin PBXResourcesBuildPhase section */
		6BE6694425CB36F9009BEF52 /* Resources */ = {
			isa = PBXResourcesBuildPhase;
			buildActionMask = 2147483647;
			files = (
				6BE6695625CB36FB009BEF52 /* LaunchScreen.storyboard in Resources */,
				6BE6695325CB36FB009BEF52 /* Assets.xcassets in Resources */,
			);
			runOnlyForDeploymentPostprocessing = 0;
		};
/* End PBXResourcesBuildPhase section */

/* Begin PBXShellScriptBuildPhase section */
		025DEE93C3919339D3CF1499 /* [CP] Embed Pods Frameworks */ = {
			isa = PBXShellScriptBuildPhase;
			buildActionMask = 2147483647;
			files = (
			);
			inputFileListPaths = (
				"${PODS_ROOT}/Target Support Files/Pods-TechTeam/Pods-TechTeam-frameworks-${CONFIGURATION}-input-files.xcfilelist",
			);
			name = "[CP] Embed Pods Frameworks";
			outputFileListPaths = (
				"${PODS_ROOT}/Target Support Files/Pods-TechTeam/Pods-TechTeam-frameworks-${CONFIGURATION}-output-files.xcfilelist",
			);
			runOnlyForDeploymentPostprocessing = 0;
			shellPath = /bin/sh;
			shellScript = "\"${PODS_ROOT}/Target Support Files/Pods-TechTeam/Pods-TechTeam-frameworks.sh\"\n";
			showEnvVarsInLog = 0;
		};
		08E88154418BB82D91BBA9F6 /* [CP] Check Pods Manifest.lock */ = {
			isa = PBXShellScriptBuildPhase;
			buildActionMask = 2147483647;
			files = (
			);
			inputFileListPaths = (
			);
			inputPaths = (
				"${PODS_PODFILE_DIR_PATH}/Podfile.lock",
				"${PODS_ROOT}/Manifest.lock",
			);
			name = "[CP] Check Pods Manifest.lock";
			outputFileListPaths = (
			);
			outputPaths = (
				"$(DERIVED_FILE_DIR)/Pods-TechTeam-checkManifestLockResult.txt",
			);
			runOnlyForDeploymentPostprocessing = 0;
			shellPath = /bin/sh;
			shellScript = "diff \"${PODS_PODFILE_DIR_PATH}/Podfile.lock\" \"${PODS_ROOT}/Manifest.lock\" > /dev/null\nif [ $? != 0 ] ; then\n    # print error to STDERR\n    echo \"error: The sandbox is not in sync with the Podfile.lock. Run 'pod install' or update your CocoaPods installation.\" >&2\n    exit 1\nfi\n# This output is used by Xcode 'outputs' to avoid re-running this script phase.\necho \"SUCCESS\" > \"${SCRIPT_OUTPUT_FILE_0}\"\n";
			showEnvVarsInLog = 0;
		};
/* End PBXShellScriptBuildPhase section */

/* Begin PBXSourcesBuildPhase section */
		6BE6694225CB36F9009BEF52 /* Sources */ = {
			isa = PBXSourcesBuildPhase;
			buildActionMask = 2147483647;
			files = (
				6BE6694E25CB36F9009BEF52 /* SplashViewController.swift in Sources */,
				6BE6697F25CC0425009BEF52 /* UIColor.swift in Sources */,
				6BE6697925CB424A009BEF52 /* UIView+AutoLayout.swift in Sources */,
				6BE6694A25CB36F9009BEF52 /* AppDelegate.swift in Sources */,
			);
			runOnlyForDeploymentPostprocessing = 0;
		};
/* End PBXSourcesBuildPhase section */

/* Begin PBXVariantGroup section */
		6BE6695425CB36FB009BEF52 /* LaunchScreen.storyboard */ = {
			isa = PBXVariantGroup;
			children = (
				6BE6695525CB36FB009BEF52 /* Base */,
			);
			name = LaunchScreen.storyboard;
			sourceTree = "<group>";
		};
/* End PBXVariantGroup section */

/* Begin XCBuildConfiguration section */
		6BE6695825CB36FB009BEF52 /* Debug */ = {
			isa = XCBuildConfiguration;
			buildSettings = {
				ALWAYS_SEARCH_USER_PATHS = NO;
				CLANG_ANALYZER_NONNULL = YES;
				CLANG_ANALYZER_NUMBER_OBJECT_CONVERSION = YES_AGGRESSIVE;
				CLANG_CXX_LANGUAGE_STANDARD = "gnu++14";
				CLANG_CXX_LIBRARY = "libc++";
				CLANG_ENABLE_MODULES = YES;
				CLANG_ENABLE_OBJC_ARC = YES;
				CLANG_ENABLE_OBJC_WEAK = YES;
				CLANG_WARN_BLOCK_CAPTURE_AUTORELEASING = YES;
				CLANG_WARN_BOOL_CONVERSION = YES;
				CLANG_WARN_COMMA = YES;
				CLANG_WARN_CONSTANT_CONVERSION = YES;
				CLANG_WARN_DEPRECATED_OBJC_IMPLEMENTATIONS = YES;
				CLANG_WARN_DIRECT_OBJC_ISA_USAGE = YES_ERROR;
				CLANG_WARN_DOCUMENTATION_COMMENTS = YES;
				CLANG_WARN_EMPTY_BODY = YES;
				CLANG_WARN_ENUM_CONVERSION = YES;
				CLANG_WARN_INFINITE_RECURSION = YES;
				CLANG_WARN_INT_CONVERSION = YES;
				CLANG_WARN_NON_LITERAL_NULL_CONVERSION = YES;
				CLANG_WARN_OBJC_IMPLICIT_RETAIN_SELF = YES;
				CLANG_WARN_OBJC_LITERAL_CONVERSION = YES;
				CLANG_WARN_OBJC_ROOT_CLASS = YES_ERROR;
				CLANG_WARN_QUOTED_INCLUDE_IN_FRAMEWORK_HEADER = YES;
				CLANG_WARN_RANGE_LOOP_ANALYSIS = YES;
				CLANG_WARN_STRICT_PROTOTYPES = YES;
				CLANG_WARN_SUSPICIOUS_MOVE = YES;
				CLANG_WARN_UNGUARDED_AVAILABILITY = YES_AGGRESSIVE;
				CLANG_WARN_UNREACHABLE_CODE = YES;
				CLANG_WARN__DUPLICATE_METHOD_MATCH = YES;
				COPY_PHASE_STRIP = NO;
				DEBUG_INFORMATION_FORMAT = dwarf;
				ENABLE_STRICT_OBJC_MSGSEND = YES;
				ENABLE_TESTABILITY = YES;
				GCC_C_LANGUAGE_STANDARD = gnu11;
				GCC_DYNAMIC_NO_PIC = NO;
				GCC_NO_COMMON_BLOCKS = YES;
				GCC_OPTIMIZATION_LEVEL = 0;
				GCC_PREPROCESSOR_DEFINITIONS = (
					"DEBUG=1",
					"$(inherited)",
				);
				GCC_WARN_64_TO_32_BIT_CONVERSION = YES;
				GCC_WARN_ABOUT_RETURN_TYPE = YES_ERROR;
				GCC_WARN_UNDECLARED_SELECTOR = YES;
				GCC_WARN_UNINITIALIZED_AUTOS = YES_AGGRESSIVE;
				GCC_WARN_UNUSED_FUNCTION = YES;
				GCC_WARN_UNUSED_VARIABLE = YES;
				IPHONEOS_DEPLOYMENT_TARGET = 11.0;
				MTL_ENABLE_DEBUG_INFO = INCLUDE_SOURCE;
				MTL_FAST_MATH = YES;
				ONLY_ACTIVE_ARCH = YES;
				SDKROOT = iphoneos;
				SWIFT_ACTIVE_COMPILATION_CONDITIONS = DEBUG;
				SWIFT_OPTIMIZATION_LEVEL = "-Onone";
			};
			name = Debug;
		};
		6BE6695925CB36FB009BEF52 /* Release */ = {
			isa = XCBuildConfiguration;
			buildSettings = {
				ALWAYS_SEARCH_USER_PATHS = NO;
				CLANG_ANALYZER_NONNULL = YES;
				CLANG_ANALYZER_NUMBER_OBJECT_CONVERSION = YES_AGGRESSIVE;
				CLANG_CXX_LANGUAGE_STANDARD = "gnu++14";
				CLANG_CXX_LIBRARY = "libc++";
				CLANG_ENABLE_MODULES = YES;
				CLANG_ENABLE_OBJC_ARC = YES;
				CLANG_ENABLE_OBJC_WEAK = YES;
				CLANG_WARN_BLOCK_CAPTURE_AUTORELEASING = YES;
				CLANG_WARN_BOOL_CONVERSION = YES;
				CLANG_WARN_COMMA = YES;
				CLANG_WARN_CONSTANT_CONVERSION = YES;
				CLANG_WARN_DEPRECATED_OBJC_IMPLEMENTATIONS = YES;
				CLANG_WARN_DIRECT_OBJC_ISA_USAGE = YES_ERROR;
				CLANG_WARN_DOCUMENTATION_COMMENTS = YES;
				CLANG_WARN_EMPTY_BODY = YES;
				CLANG_WARN_ENUM_CONVERSION = YES;
				CLANG_WARN_INFINITE_RECURSION = YES;
				CLANG_WARN_INT_CONVERSION = YES;
				CLANG_WARN_NON_LITERAL_NULL_CONVERSION = YES;
				CLANG_WARN_OBJC_IMPLICIT_RETAIN_SELF = YES;
				CLANG_WARN_OBJC_LITERAL_CONVERSION = YES;
				CLANG_WARN_OBJC_ROOT_CLASS = YES_ERROR;
				CLANG_WARN_QUOTED_INCLUDE_IN_FRAMEWORK_HEADER = YES;
				CLANG_WARN_RANGE_LOOP_ANALYSIS = YES;
				CLANG_WARN_STRICT_PROTOTYPES = YES;
				CLANG_WARN_SUSPICIOUS_MOVE = YES;
				CLANG_WARN_UNGUARDED_AVAILABILITY = YES_AGGRESSIVE;
				CLANG_WARN_UNREACHABLE_CODE = YES;
				CLANG_WARN__DUPLICATE_METHOD_MATCH = YES;
				COPY_PHASE_STRIP = NO;
				DEBUG_INFORMATION_FORMAT = "dwarf-with-dsym";
				ENABLE_NS_ASSERTIONS = NO;
				ENABLE_STRICT_OBJC_MSGSEND = YES;
				GCC_C_LANGUAGE_STANDARD = gnu11;
				GCC_NO_COMMON_BLOCKS = YES;
				GCC_WARN_64_TO_32_BIT_CONVERSION = YES;
				GCC_WARN_ABOUT_RETURN_TYPE = YES_ERROR;
				GCC_WARN_UNDECLARED_SELECTOR = YES;
				GCC_WARN_UNINITIALIZED_AUTOS = YES_AGGRESSIVE;
				GCC_WARN_UNUSED_FUNCTION = YES;
				GCC_WARN_UNUSED_VARIABLE = YES;
				IPHONEOS_DEPLOYMENT_TARGET = 11.0;
				MTL_ENABLE_DEBUG_INFO = NO;
				MTL_FAST_MATH = YES;
				SDKROOT = iphoneos;
				SWIFT_COMPILATION_MODE = wholemodule;
				SWIFT_OPTIMIZATION_LEVEL = "-O";
				VALIDATE_PRODUCT = YES;
			};
			name = Release;
		};
		6BE6695B25CB36FB009BEF52 /* Debug */ = {
			isa = XCBuildConfiguration;
			baseConfigurationReference = 3428D9B8196109A80D41C649 /* Pods-TechTeam.debug.xcconfig */;
			buildSettings = {
				ASSETCATALOG_COMPILER_APPICON_NAME = AppIcon;
				ASSETCATALOG_COMPILER_GLOBAL_ACCENT_COLOR_NAME = AccentColor;
				CODE_SIGN_STYLE = Automatic;
				DEVELOPMENT_TEAM = 74PDM76YJS;
				INFOPLIST_FILE = TechTeam/Info.plist;
				IPHONEOS_DEPLOYMENT_TARGET = 11.0;
				LD_RUNPATH_SEARCH_PATHS = (
					"$(inherited)",
					"@executable_path/Frameworks",
				);
				PRODUCT_BUNDLE_IDENTIFIER = ivica.TechTeam;
				PRODUCT_NAME = "$(TARGET_NAME)";
				SWIFT_VERSION = 5.0;
				TARGETED_DEVICE_FAMILY = 1;
			};
			name = Debug;
		};
		6BE6695C25CB36FB009BEF52 /* Release */ = {
			isa = XCBuildConfiguration;
			baseConfigurationReference = 02A8758500131BEA333C7259 /* Pods-TechTeam.release.xcconfig */;
			buildSettings = {
				ASSETCATALOG_COMPILER_APPICON_NAME = AppIcon;
				ASSETCATALOG_COMPILER_GLOBAL_ACCENT_COLOR_NAME = AccentColor;
				CODE_SIGN_STYLE = Automatic;
				DEVELOPMENT_TEAM = 74PDM76YJS;
				INFOPLIST_FILE = TechTeam/Info.plist;
				IPHONEOS_DEPLOYMENT_TARGET = 11.0;
				LD_RUNPATH_SEARCH_PATHS = (
					"$(inherited)",
					"@executable_path/Frameworks",
				);
				PRODUCT_BUNDLE_IDENTIFIER = ivica.TechTeam;
				PRODUCT_NAME = "$(TARGET_NAME)";
				SWIFT_VERSION = 5.0;
				TARGETED_DEVICE_FAMILY = 1;
			};
			name = Release;
		};
/* End XCBuildConfiguration section */

/* Begin XCConfigurationList section */
		6BE6694125CB36F9009BEF52 /* Build configuration list for PBXProject "TechTeam" */ = {
			isa = XCConfigurationList;
			buildConfigurations = (
				6BE6695825CB36FB009BEF52 /* Debug */,
				6BE6695925CB36FB009BEF52 /* Release */,
			);
			defaultConfigurationIsVisible = 0;
			defaultConfigurationName = Release;
		};
		6BE6695A25CB36FB009BEF52 /* Build configuration list for PBXNativeTarget "TechTeam" */ = {
			isa = XCConfigurationList;
			buildConfigurations = (
				6BE6695B25CB36FB009BEF52 /* Debug */,
				6BE6695C25CB36FB009BEF52 /* Release */,
			);
			defaultConfigurationIsVisible = 0;
			defaultConfigurationName = Release;
		};
/* End XCConfigurationList section */
	};
	rootObject = 6BE6693E25CB36F9009BEF52 /* Project object */;
}
