// !$*UTF8*$!
{
	archiveVersion = 1;
	classes = {
	};
	objectVersion = 51;
	objects = {

/* Begin PBXBuildFile section */
		6B41C08B25CDCB99002CB503 /* OnboardingPageListViewModel.swift in Sources */ = {isa = PBXBuildFile; fileRef = 6B41C08A25CDCB99002CB503 /* OnboardingPageListViewModel.swift */; };
		6B41C08F25CDCC16002CB503 /* OnboardingPage.swift in Sources */ = {isa = PBXBuildFile; fileRef = 6B41C08E25CDCC16002CB503 /* OnboardingPage.swift */; };
		6B41C09425CDFDB9002CB503 /* OnboardinPageControllerView.swift in Sources */ = {isa = PBXBuildFile; fileRef = 6B41C09325CDFDB9002CB503 /* OnboardinPageControllerView.swift */; };
		6B41C09B25CDFE9B002CB503 /* OnboardingPageCell.swift in Sources */ = {isa = PBXBuildFile; fileRef = 6B41C09A25CDFE9B002CB503 /* OnboardingPageCell.swift */; };
		6B41C09F25CDFF8E002CB503 /* EmployeesCollectionViewController.swift in Sources */ = {isa = PBXBuildFile; fileRef = 6B41C09E25CDFF8E002CB503 /* EmployeesCollectionViewController.swift */; };
		6B41C0BF25D02251002CB503 /* CustomNavigationController.swift in Sources */ = {isa = PBXBuildFile; fileRef = 6B41C0BE25D02251002CB503 /* CustomNavigationController.swift */; };
		6B41C0C225D022CF002CB503 /* EmployeeListViewModel.swift in Sources */ = {isa = PBXBuildFile; fileRef = 6B41C0C125D022CF002CB503 /* EmployeeListViewModel.swift */; };
		6B41C0C625D022EC002CB503 /* Employee.swift in Sources */ = {isa = PBXBuildFile; fileRef = 6B41C0C525D022EC002CB503 /* Employee.swift */; };
		6B41C0D825D0961A002CB503 /* EmployeeDetailsView.swift in Sources */ = {isa = PBXBuildFile; fileRef = 6B41C0D725D0961A002CB503 /* EmployeeDetailsView.swift */; };
		6B41C0E625D189B8002CB503 /* Delay.swift in Sources */ = {isa = PBXBuildFile; fileRef = 6B41C0E525D189B8002CB503 /* Delay.swift */; };
		6BC7510325D1E5C50040F6EE /* OnboardingCollectionViewController+Collection.swift in Sources */ = {isa = PBXBuildFile; fileRef = 6BC7510225D1E5C50040F6EE /* OnboardingCollectionViewController+Collection.swift */; };
		6BC7511625D1E9A40040F6EE /* OnboardingCollectionViewController+PageController.swift in Sources */ = {isa = PBXBuildFile; fileRef = 6BC7511525D1E9A40040F6EE /* OnboardingCollectionViewController+PageController.swift */; };
		6BC7511D25D1EB500040F6EE /* CustomAnimationDismisser.swift in Sources */ = {isa = PBXBuildFile; fileRef = 6BC7511C25D1EB500040F6EE /* CustomAnimationDismisser.swift */; };
		6BC7512125D1EB790040F6EE /* CustomAnimationPresenter.swift in Sources */ = {isa = PBXBuildFile; fileRef = 6BC7512025D1EB790040F6EE /* CustomAnimationPresenter.swift */; };
		6BC7512625D1EBD60040F6EE /* VerticalStackView.swift in Sources */ = {isa = PBXBuildFile; fileRef = 6BC7512525D1EBD60040F6EE /* VerticalStackView.swift */; };
		6BC7512B25D1EBF00040F6EE /* PrgoressIndicator.swift in Sources */ = {isa = PBXBuildFile; fileRef = 6BC7512A25D1EBF00040F6EE /* PrgoressIndicator.swift */; };
		6BC7513225D1F1C30040F6EE /* EmployeeHeaderCell.swift in Sources */ = {isa = PBXBuildFile; fileRef = 6BC7513125D1F1C30040F6EE /* EmployeeHeaderCell.swift */; };
		6BC7513625D1F1E20040F6EE /* EmployeeCell.swift in Sources */ = {isa = PBXBuildFile; fileRef = 6BC7513525D1F1E20040F6EE /* EmployeeCell.swift */; };
		6BC7513925D1F23D0040F6EE /* EmployeeDetailsViewHostingController.swift in Sources */ = {isa = PBXBuildFile; fileRef = 6BC7513825D1F23D0040F6EE /* EmployeeDetailsViewHostingController.swift */; };
		6BC7513E25D1F38F0040F6EE /* EmployeesCollectionViewController+HeaderCell.swift in Sources */ = {isa = PBXBuildFile; fileRef = 6BC7513D25D1F38F0040F6EE /* EmployeesCollectionViewController+HeaderCell.swift */; };
		6BC7514425D2020C0040F6EE /* EmployeesCollectionViewController+Collection.swift in Sources */ = {isa = PBXBuildFile; fileRef = 6BC7514325D2020C0040F6EE /* EmployeesCollectionViewController+Collection.swift */; };
		6BC7514725D216730040F6EE /* UIViewController+AlertControllers.swift in Sources */ = {isa = PBXBuildFile; fileRef = 6BC7514625D216730040F6EE /* UIViewController+AlertControllers.swift */; };
		6BC7514C25D21FF40040F6EE /* APIManager.swift in Sources */ = {isa = PBXBuildFile; fileRef = 6BC7514B25D21FF40040F6EE /* APIManager.swift */; };
		6BC7514F25D2205E0040F6EE /* UIImage+Crop.swift in Sources */ = {isa = PBXBuildFile; fileRef = 6BC7514E25D2205E0040F6EE /* UIImage+Crop.swift */; };
		6BC7515325D222BA0040F6EE /* EmployeeViewModel.swift in Sources */ = {isa = PBXBuildFile; fileRef = 6BC7515225D222BA0040F6EE /* EmployeeViewModel.swift */; };
		6BC7515D25D225090040F6EE /* ImageDownloader.swift in Sources */ = {isa = PBXBuildFile; fileRef = 6BC7515C25D225090040F6EE /* ImageDownloader.swift */; };
		6BC7516125D225540040F6EE /* EmployeeDetailsFrontCard.swift in Sources */ = {isa = PBXBuildFile; fileRef = 6BC7516025D225540040F6EE /* EmployeeDetailsFrontCard.swift */; };
		6BC7516425D225700040F6EE /* EmployeeDetailsBackCard.swift in Sources */ = {isa = PBXBuildFile; fileRef = 6BC7516325D225700040F6EE /* EmployeeDetailsBackCard.swift */; };
		6BC7516725D225C80040F6EE /* EmployeeDetialsCard.swift in Sources */ = {isa = PBXBuildFile; fileRef = 6BC7516625D225C80040F6EE /* EmployeeDetialsCard.swift */; };
		6BC7516A25D2AC950040F6EE /* AnalyticsManager.swift in Sources */ = {isa = PBXBuildFile; fileRef = 6BC7516925D2AC950040F6EE /* AnalyticsManager.swift */; };
		6BC7516E25D2B1F90040F6EE /* Event.swift in Sources */ = {isa = PBXBuildFile; fileRef = 6BC7516D25D2B1F90040F6EE /* Event.swift */; };
		6BC7517225D2B2130040F6EE /* EventFeatures.swift in Sources */ = {isa = PBXBuildFile; fileRef = 6BC7517125D2B2130040F6EE /* EventFeatures.swift */; };
		6BE6694A25CB36F9009BEF52 /* AppDelegate.swift in Sources */ = {isa = PBXBuildFile; fileRef = 6BE6694925CB36F9009BEF52 /* AppDelegate.swift */; };
		6BE6694E25CB36F9009BEF52 /* SplashViewController.swift in Sources */ = {isa = PBXBuildFile; fileRef = 6BE6694D25CB36F9009BEF52 /* SplashViewController.swift */; };
		6BE6695625CB36FB009BEF52 /* LaunchScreen.storyboard in Resources */ = {isa = PBXBuildFile; fileRef = 6BE6695425CB36FB009BEF52 /* LaunchScreen.storyboard */; };
		6BE6697925CB424A009BEF52 /* UIView+AutoLayout.swift in Sources */ = {isa = PBXBuildFile; fileRef = 6BE6697825CB424A009BEF52 /* UIView+AutoLayout.swift */; };
		6BE6697F25CC0425009BEF52 /* UIColor.swift in Sources */ = {isa = PBXBuildFile; fileRef = 6BE6697E25CC0425009BEF52 /* UIColor.swift */; };
		6BE6698425CC2BEF009BEF52 /* Assets.xcassets in Resources */ = {isa = PBXBuildFile; fileRef = 6BE6698325CC2BEF009BEF52 /* Assets.xcassets */; };
		6BE6698725CC2CB7009BEF52 /* SplashView.swift in Sources */ = {isa = PBXBuildFile; fileRef = 6BE6698625CC2CB7009BEF52 /* SplashView.swift */; };
		6BE6698A25CC2CE5009BEF52 /* BaseView.swift in Sources */ = {isa = PBXBuildFile; fileRef = 6BE6698925CC2CE5009BEF52 /* BaseView.swift */; };
		6BE6699225CC8D16009BEF52 /* CABasicAnimation.swift in Sources */ = {isa = PBXBuildFile; fileRef = 6BE6699125CC8D16009BEF52 /* CABasicAnimation.swift */; };
		6BE6699525CC8E9E009BEF52 /* CircularShapeLayer.swift in Sources */ = {isa = PBXBuildFile; fileRef = 6BE6699425CC8E9E009BEF52 /* CircularShapeLayer.swift */; };
		6BE6699F25CD4950009BEF52 /* OnboardingCollectionViewController.swift in Sources */ = {isa = PBXBuildFile; fileRef = 6BE6699E25CD4950009BEF52 /* OnboardingCollectionViewController.swift */; };
		6BE669AD25CD83A9009BEF52 /* BaseCollectionCell.swift in Sources */ = {isa = PBXBuildFile; fileRef = 6BE669AC25CD83A9009BEF52 /* BaseCollectionCell.swift */; };
		EF53D083B519F954372E7086 /* Pods_TechTeam.framework in Frameworks */ = {isa = PBXBuildFile; fileRef = 0F8E327EDD05548D0F815F48 /* Pods_TechTeam.framework */; };
/* End PBXBuildFile section */

/* Begin PBXFileReference section */
		02A8758500131BEA333C7259 /* Pods-TechTeam.release.xcconfig */ = {isa = PBXFileReference; includeInIndex = 1; lastKnownFileType = text.xcconfig; name = "Pods-TechTeam.release.xcconfig"; path = "Target Support Files/Pods-TechTeam/Pods-TechTeam.release.xcconfig"; sourceTree = "<group>"; };
		0F8E327EDD05548D0F815F48 /* Pods_TechTeam.framework */ = {isa = PBXFileReference; explicitFileType = wrapper.framework; includeInIndex = 0; path = Pods_TechTeam.framework; sourceTree = BUILT_PRODUCTS_DIR; };
		3428D9B8196109A80D41C649 /* Pods-TechTeam.debug.xcconfig */ = {isa = PBXFileReference; includeInIndex = 1; lastKnownFileType = text.xcconfig; name = "Pods-TechTeam.debug.xcconfig"; path = "Target Support Files/Pods-TechTeam/Pods-TechTeam.debug.xcconfig"; sourceTree = "<group>"; };
		6B41C08A25CDCB99002CB503 /* OnboardingPageListViewModel.swift */ = {isa = PBXFileReference; lastKnownFileType = sourcecode.swift; path = OnboardingPageListViewModel.swift; sourceTree = "<group>"; };
		6B41C08E25CDCC16002CB503 /* OnboardingPage.swift */ = {isa = PBXFileReference; lastKnownFileType = sourcecode.swift; path = OnboardingPage.swift; sourceTree = "<group>"; };
		6B41C09325CDFDB9002CB503 /* OnboardinPageControllerView.swift */ = {isa = PBXFileReference; lastKnownFileType = sourcecode.swift; path = OnboardinPageControllerView.swift; sourceTree = "<group>"; };
		6B41C09A25CDFE9B002CB503 /* OnboardingPageCell.swift */ = {isa = PBXFileReference; lastKnownFileType = sourcecode.swift; path = OnboardingPageCell.swift; sourceTree = "<group>"; };
		6B41C09E25CDFF8E002CB503 /* EmployeesCollectionViewController.swift */ = {isa = PBXFileReference; lastKnownFileType = sourcecode.swift; path = EmployeesCollectionViewController.swift; sourceTree = "<group>"; };
		6B41C0BE25D02251002CB503 /* CustomNavigationController.swift */ = {isa = PBXFileReference; lastKnownFileType = sourcecode.swift; path = CustomNavigationController.swift; sourceTree = "<group>"; };
		6B41C0C125D022CF002CB503 /* EmployeeListViewModel.swift */ = {isa = PBXFileReference; lastKnownFileType = sourcecode.swift; path = EmployeeListViewModel.swift; sourceTree = "<group>"; };
		6B41C0C525D022EC002CB503 /* Employee.swift */ = {isa = PBXFileReference; lastKnownFileType = sourcecode.swift; path = Employee.swift; sourceTree = "<group>"; };
		6B41C0D725D0961A002CB503 /* EmployeeDetailsView.swift */ = {isa = PBXFileReference; lastKnownFileType = sourcecode.swift; path = EmployeeDetailsView.swift; sourceTree = "<group>"; };
		6B41C0E525D189B8002CB503 /* Delay.swift */ = {isa = PBXFileReference; lastKnownFileType = sourcecode.swift; path = Delay.swift; sourceTree = "<group>"; };
		6BC7510225D1E5C50040F6EE /* OnboardingCollectionViewController+Collection.swift */ = {isa = PBXFileReference; lastKnownFileType = sourcecode.swift; path = "OnboardingCollectionViewController+Collection.swift"; sourceTree = "<group>"; };
		6BC7511525D1E9A40040F6EE /* OnboardingCollectionViewController+PageController.swift */ = {isa = PBXFileReference; lastKnownFileType = sourcecode.swift; path = "OnboardingCollectionViewController+PageController.swift"; sourceTree = "<group>"; };
		6BC7511C25D1EB500040F6EE /* CustomAnimationDismisser.swift */ = {isa = PBXFileReference; lastKnownFileType = sourcecode.swift; path = CustomAnimationDismisser.swift; sourceTree = "<group>"; };
		6BC7512025D1EB790040F6EE /* CustomAnimationPresenter.swift */ = {isa = PBXFileReference; lastKnownFileType = sourcecode.swift; path = CustomAnimationPresenter.swift; sourceTree = "<group>"; };
		6BC7512525D1EBD60040F6EE /* VerticalStackView.swift */ = {isa = PBXFileReference; lastKnownFileType = sourcecode.swift; path = VerticalStackView.swift; sourceTree = "<group>"; };
		6BC7512A25D1EBF00040F6EE /* PrgoressIndicator.swift */ = {isa = PBXFileReference; lastKnownFileType = sourcecode.swift; path = PrgoressIndicator.swift; sourceTree = "<group>"; };
		6BC7513125D1F1C30040F6EE /* EmployeeHeaderCell.swift */ = {isa = PBXFileReference; lastKnownFileType = sourcecode.swift; path = EmployeeHeaderCell.swift; sourceTree = "<group>"; };
		6BC7513525D1F1E20040F6EE /* EmployeeCell.swift */ = {isa = PBXFileReference; lastKnownFileType = sourcecode.swift; path = EmployeeCell.swift; sourceTree = "<group>"; };
		6BC7513825D1F23D0040F6EE /* EmployeeDetailsViewHostingController.swift */ = {isa = PBXFileReference; lastKnownFileType = sourcecode.swift; path = EmployeeDetailsViewHostingController.swift; sourceTree = "<group>"; };
		6BC7513D25D1F38F0040F6EE /* EmployeesCollectionViewController+HeaderCell.swift */ = {isa = PBXFileReference; lastKnownFileType = sourcecode.swift; path = "EmployeesCollectionViewController+HeaderCell.swift"; sourceTree = "<group>"; };
		6BC7514325D2020C0040F6EE /* EmployeesCollectionViewController+Collection.swift */ = {isa = PBXFileReference; lastKnownFileType = sourcecode.swift; path = "EmployeesCollectionViewController+Collection.swift"; sourceTree = "<group>"; };
		6BC7514625D216730040F6EE /* UIViewController+AlertControllers.swift */ = {isa = PBXFileReference; lastKnownFileType = sourcecode.swift; path = "UIViewController+AlertControllers.swift"; sourceTree = "<group>"; };
		6BC7514B25D21FF40040F6EE /* APIManager.swift */ = {isa = PBXFileReference; lastKnownFileType = sourcecode.swift; path = APIManager.swift; sourceTree = "<group>"; };
		6BC7514E25D2205E0040F6EE /* UIImage+Crop.swift */ = {isa = PBXFileReference; lastKnownFileType = sourcecode.swift; path = "UIImage+Crop.swift"; sourceTree = "<group>"; };
		6BC7515225D222BA0040F6EE /* EmployeeViewModel.swift */ = {isa = PBXFileReference; lastKnownFileType = sourcecode.swift; path = EmployeeViewModel.swift; sourceTree = "<group>"; };
		6BC7515C25D225090040F6EE /* ImageDownloader.swift */ = {isa = PBXFileReference; lastKnownFileType = sourcecode.swift; path = ImageDownloader.swift; sourceTree = "<group>"; };
		6BC7516025D225540040F6EE /* EmployeeDetailsFrontCard.swift */ = {isa = PBXFileReference; lastKnownFileType = sourcecode.swift; path = EmployeeDetailsFrontCard.swift; sourceTree = "<group>"; };
		6BC7516325D225700040F6EE /* EmployeeDetailsBackCard.swift */ = {isa = PBXFileReference; lastKnownFileType = sourcecode.swift; path = EmployeeDetailsBackCard.swift; sourceTree = "<group>"; };
		6BC7516625D225C80040F6EE /* EmployeeDetialsCard.swift */ = {isa = PBXFileReference; lastKnownFileType = sourcecode.swift; path = EmployeeDetialsCard.swift; sourceTree = "<group>"; };
		6BC7516925D2AC950040F6EE /* AnalyticsManager.swift */ = {isa = PBXFileReference; lastKnownFileType = sourcecode.swift; path = AnalyticsManager.swift; sourceTree = "<group>"; };
		6BC7516D25D2B1F90040F6EE /* Event.swift */ = {isa = PBXFileReference; lastKnownFileType = sourcecode.swift; path = Event.swift; sourceTree = "<group>"; };
		6BC7517125D2B2130040F6EE /* EventFeatures.swift */ = {isa = PBXFileReference; lastKnownFileType = sourcecode.swift; path = EventFeatures.swift; sourceTree = "<group>"; };
		6BE6694625CB36F9009BEF52 /* TechTeam.app */ = {isa = PBXFileReference; explicitFileType = wrapper.application; includeInIndex = 0; path = TechTeam.app; sourceTree = BUILT_PRODUCTS_DIR; };
		6BE6694925CB36F9009BEF52 /* AppDelegate.swift */ = {isa = PBXFileReference; lastKnownFileType = sourcecode.swift; path = AppDelegate.swift; sourceTree = "<group>"; };
		6BE6694D25CB36F9009BEF52 /* SplashViewController.swift */ = {isa = PBXFileReference; lastKnownFileType = sourcecode.swift; path = SplashViewController.swift; sourceTree = "<group>"; };
		6BE6695525CB36FB009BEF52 /* Base */ = {isa = PBXFileReference; lastKnownFileType = file.storyboard; name = Base; path = Base.lproj/LaunchScreen.storyboard; sourceTree = "<group>"; };
		6BE6695725CB36FB009BEF52 /* Info.plist */ = {isa = PBXFileReference; lastKnownFileType = text.plist.xml; path = Info.plist; sourceTree = "<group>"; };
		6BE6697825CB424A009BEF52 /* UIView+AutoLayout.swift */ = {isa = PBXFileReference; fileEncoding = 4; lastKnownFileType = sourcecode.swift; path = "UIView+AutoLayout.swift"; sourceTree = "<group>"; };
		6BE6697E25CC0425009BEF52 /* UIColor.swift */ = {isa = PBXFileReference; lastKnownFileType = sourcecode.swift; path = UIColor.swift; sourceTree = "<group>"; };
		6BE6698325CC2BEF009BEF52 /* Assets.xcassets */ = {isa = PBXFileReference; lastKnownFileType = folder.assetcatalog; path = Assets.xcassets; sourceTree = "<group>"; };
		6BE6698625CC2CB7009BEF52 /* SplashView.swift */ = {isa = PBXFileReference; lastKnownFileType = sourcecode.swift; path = SplashView.swift; sourceTree = "<group>"; };
		6BE6698925CC2CE5009BEF52 /* BaseView.swift */ = {isa = PBXFileReference; fileEncoding = 4; lastKnownFileType = sourcecode.swift; path = BaseView.swift; sourceTree = "<group>"; };
		6BE6699125CC8D16009BEF52 /* CABasicAnimation.swift */ = {isa = PBXFileReference; lastKnownFileType = sourcecode.swift; path = CABasicAnimation.swift; sourceTree = "<group>"; };
		6BE6699425CC8E9E009BEF52 /* CircularShapeLayer.swift */ = {isa = PBXFileReference; lastKnownFileType = sourcecode.swift; path = CircularShapeLayer.swift; sourceTree = "<group>"; };
		6BE6699E25CD4950009BEF52 /* OnboardingCollectionViewController.swift */ = {isa = PBXFileReference; lastKnownFileType = sourcecode.swift; path = OnboardingCollectionViewController.swift; sourceTree = "<group>"; };
		6BE669AC25CD83A9009BEF52 /* BaseCollectionCell.swift */ = {isa = PBXFileReference; lastKnownFileType = sourcecode.swift; path = BaseCollectionCell.swift; sourceTree = "<group>"; };
/* End PBXFileReference section */

/* Begin PBXFrameworksBuildPhase section */
		6BE6694325CB36F9009BEF52 /* Frameworks */ = {
			isa = PBXFrameworksBuildPhase;
			buildActionMask = 2147483647;
			files = (
				EF53D083B519F954372E7086 /* Pods_TechTeam.framework in Frameworks */,
			);
			runOnlyForDeploymentPostprocessing = 0;
		};
/* End PBXFrameworksBuildPhase section */

/* Begin PBXGroup section */
		37B67B840CF41A68C41EE36F /* Pods */ = {
			isa = PBXGroup;
			children = (
				3428D9B8196109A80D41C649 /* Pods-TechTeam.debug.xcconfig */,
				02A8758500131BEA333C7259 /* Pods-TechTeam.release.xcconfig */,
			);
			path = Pods;
			sourceTree = "<group>";
		};
		6B41C09D25CDFF74002CB503 /* Employees */ = {
			isa = PBXGroup;
			children = (
				6BC7514125D201A10040F6EE /* Model */,
				6BC7513025D1F1A40040F6EE /* View */,
				6BC7514025D2019B0040F6EE /* ViewModel */,
				6BC7514225D201A90040F6EE /* Controller */,
			);
			path = Employees;
			sourceTree = "<group>";
		};
		6B41C0D625D09604002CB503 /* EmployeeDetails */ = {
			isa = PBXGroup;
			children = (
				6BC7515925D223C00040F6EE /* View */,
				6BC7515A25D223C50040F6EE /* ViewModel */,
				6BC7515825D223B10040F6EE /* Controller */,
			);
			path = EmployeeDetails;
			sourceTree = "<group>";
		};
		6B41C0F225D1DE41002CB503 /* Controller */ = {
			isa = PBXGroup;
			children = (
				6BE6694D25CB36F9009BEF52 /* SplashViewController.swift */,
			);
			path = Controller;
			sourceTree = "<group>";
		};
		6B41C0F325D1DE47002CB503 /* View */ = {
			isa = PBXGroup;
			children = (
				6BE6698625CC2CB7009BEF52 /* SplashView.swift */,
			);
			path = View;
			sourceTree = "<group>";
		};
		6B41C0F425D1DE98002CB503 /* Model */ = {
			isa = PBXGroup;
			children = (
				6B41C08E25CDCC16002CB503 /* OnboardingPage.swift */,
			);
			path = Model;
			sourceTree = "<group>";
		};
		6B41C0F525D1DEAA002CB503 /* ViewModel */ = {
			isa = PBXGroup;
			children = (
				6B41C08A25CDCB99002CB503 /* OnboardingPageListViewModel.swift */,
			);
			path = ViewModel;
			sourceTree = "<group>";
		};
		6B41C0F625D1DED0002CB503 /* View */ = {
			isa = PBXGroup;
			children = (
				6B41C09A25CDFE9B002CB503 /* OnboardingPageCell.swift */,
				6B41C09325CDFDB9002CB503 /* OnboardinPageControllerView.swift */,
			);
			path = View;
			sourceTree = "<group>";
		};
		6B41C0F725D1DED8002CB503 /* Controller */ = {
			isa = PBXGroup;
			children = (
				6BE6699E25CD4950009BEF52 /* OnboardingCollectionViewController.swift */,
				6BC7510225D1E5C50040F6EE /* OnboardingCollectionViewController+Collection.swift */,
				6BC7511525D1E9A40040F6EE /* OnboardingCollectionViewController+PageController.swift */,
			);
			path = Controller;
			sourceTree = "<group>";
		};
		6BC7511925D1EB0C0040F6EE /* CustomNavigationController */ = {
			isa = PBXGroup;
			children = (
				6B41C0BE25D02251002CB503 /* CustomNavigationController.swift */,
				6BC7512025D1EB790040F6EE /* CustomAnimationPresenter.swift */,
				6BC7511C25D1EB500040F6EE /* CustomAnimationDismisser.swift */,
			);
			path = CustomNavigationController;
			sourceTree = "<group>";
		};
		6BC7513025D1F1A40040F6EE /* View */ = {
			isa = PBXGroup;
			children = (
				6BC7513125D1F1C30040F6EE /* EmployeeHeaderCell.swift */,
				6BC7513525D1F1E20040F6EE /* EmployeeCell.swift */,
			);
			path = View;
			sourceTree = "<group>";
		};
		6BC7514025D2019B0040F6EE /* ViewModel */ = {
			isa = PBXGroup;
			children = (
				6B41C0C125D022CF002CB503 /* EmployeeListViewModel.swift */,
				6BC7515225D222BA0040F6EE /* EmployeeViewModel.swift */,
			);
			path = ViewModel;
			sourceTree = "<group>";
		};
		6BC7514125D201A10040F6EE /* Model */ = {
			isa = PBXGroup;
			children = (
				6B41C0C525D022EC002CB503 /* Employee.swift */,
			);
			path = Model;
			sourceTree = "<group>";
		};
		6BC7514225D201A90040F6EE /* Controller */ = {
			isa = PBXGroup;
			children = (
				6B41C09E25CDFF8E002CB503 /* EmployeesCollectionViewController.swift */,
				6BC7514325D2020C0040F6EE /* EmployeesCollectionViewController+Collection.swift */,
				6BC7513D25D1F38F0040F6EE /* EmployeesCollectionViewController+HeaderCell.swift */,
			);
			path = Controller;
			sourceTree = "<group>";
		};
		6BC7514A25D21FE20040F6EE /* Service */ = {
			isa = PBXGroup;
			children = (
				6BC7518325D2B5BD0040F6EE /* APIService */,
				6BC7516C25D2B1E10040F6EE /* Analytics */,
			);
			path = Service;
			sourceTree = "<group>";
		};
		6BC7515825D223B10040F6EE /* Controller */ = {
			isa = PBXGroup;
			children = (
				6BC7513825D1F23D0040F6EE /* EmployeeDetailsViewHostingController.swift */,
			);
			path = Controller;
			sourceTree = "<group>";
		};
		6BC7515925D223C00040F6EE /* View */ = {
			isa = PBXGroup;
			children = (
				6B41C0D725D0961A002CB503 /* EmployeeDetailsView.swift */,
				6BC7516625D225C80040F6EE /* EmployeeDetialsCard.swift */,
				6BC7516025D225540040F6EE /* EmployeeDetailsFrontCard.swift */,
				6BC7516325D225700040F6EE /* EmployeeDetailsBackCard.swift */,
			);
			path = View;
			sourceTree = "<group>";
		};
		6BC7515A25D223C50040F6EE /* ViewModel */ = {
			isa = PBXGroup;
			children = (
				6BC7515C25D225090040F6EE /* ImageDownloader.swift */,
			);
			path = ViewModel;
			sourceTree = "<group>";
		};
		6BC7516C25D2B1E10040F6EE /* Analytics */ = {
			isa = PBXGroup;
			children = (
				6BC7516D25D2B1F90040F6EE /* Event.swift */,
				6BC7517125D2B2130040F6EE /* EventFeatures.swift */,
				6BC7516925D2AC950040F6EE /* AnalyticsManager.swift */,
			);
			path = Analytics;
			sourceTree = "<group>";
		};
		6BC7518325D2B5BD0040F6EE /* APIService */ = {
			isa = PBXGroup;
			children = (
				6BC7514B25D21FF40040F6EE /* APIManager.swift */,
			);
			path = APIService;
			sourceTree = "<group>";
		};
		6BE6693D25CB36F9009BEF52 = {
			isa = PBXGroup;
			children = (
				6BE6694825CB36F9009BEF52 /* TechTeam */,
				6BE6694725CB36F9009BEF52 /* Products */,
				37B67B840CF41A68C41EE36F /* Pods */,
				7240822A9DD8E52F42264117 /* Frameworks */,
			);
			sourceTree = "<group>";
		};
		6BE6694725CB36F9009BEF52 /* Products */ = {
			isa = PBXGroup;
			children = (
				6BE6694625CB36F9009BEF52 /* TechTeam.app */,
			);
			name = Products;
			sourceTree = "<group>";
		};
		6BE6694825CB36F9009BEF52 /* TechTeam */ = {
			isa = PBXGroup;
			children = (
				6BE6695725CB36FB009BEF52 /* Info.plist */,
				6BE6694925CB36F9009BEF52 /* AppDelegate.swift */,
				6BC7514A25D21FE20040F6EE /* Service */,
				6BE6699A25CD48A4009BEF52 /* Splash */,
				6BE6699D25CD493F009BEF52 /* Onboarding */,
				6B41C09D25CDFF74002CB503 /* Employees */,
				6B41C0D625D09604002CB503 /* EmployeeDetails */,
				6BE6697525CB4120009BEF52 /* Helpers */,
				6BE6696B25CB3D7F009BEF52 /* Supporting Files */,
			);
			path = TechTeam;
			sourceTree = "<group>";
		};
		6BE6696B25CB3D7F009BEF52 /* Supporting Files */ = {
			isa = PBXGroup;
			children = (
				6BE6698325CC2BEF009BEF52 /* Assets.xcassets */,
				6BE6695425CB36FB009BEF52 /* LaunchScreen.storyboard */,
			);
			path = "Supporting Files";
			sourceTree = "<group>";
		};
		6BE6697525CB4120009BEF52 /* Helpers */ = {
			isa = PBXGroup;
			children = (
				6B41C0E525D189B8002CB503 /* Delay.swift */,
				6BC7512A25D1EBF00040F6EE /* PrgoressIndicator.swift */,
				6BE6698925CC2CE5009BEF52 /* BaseView.swift */,
				6BE669AC25CD83A9009BEF52 /* BaseCollectionCell.swift */,
				6BC7512525D1EBD60040F6EE /* VerticalStackView.swift */,
				6BC7511925D1EB0C0040F6EE /* CustomNavigationController */,
				6BE6697625CB4125009BEF52 /* Extensions */,
			);
			path = Helpers;
			sourceTree = "<group>";
		};
		6BE6697625CB4125009BEF52 /* Extensions */ = {
			isa = PBXGroup;
			children = (
				6BC7514E25D2205E0040F6EE /* UIImage+Crop.swift */,
				6BE6697825CB424A009BEF52 /* UIView+AutoLayout.swift */,
				6BE6697E25CC0425009BEF52 /* UIColor.swift */,
				6BE6699125CC8D16009BEF52 /* CABasicAnimation.swift */,
				6BE6699425CC8E9E009BEF52 /* CircularShapeLayer.swift */,
				6BC7514625D216730040F6EE /* UIViewController+AlertControllers.swift */,
			);
			path = Extensions;
			sourceTree = "<group>";
		};
		6BE6699A25CD48A4009BEF52 /* Splash */ = {
			isa = PBXGroup;
			children = (
				6B41C0F325D1DE47002CB503 /* View */,
				6B41C0F225D1DE41002CB503 /* Controller */,
			);
			path = Splash;
			sourceTree = "<group>";
		};
		6BE6699D25CD493F009BEF52 /* Onboarding */ = {
			isa = PBXGroup;
			children = (
				6B41C0F425D1DE98002CB503 /* Model */,
				6B41C0F625D1DED0002CB503 /* View */,
				6B41C0F525D1DEAA002CB503 /* ViewModel */,
				6B41C0F725D1DED8002CB503 /* Controller */,
			);
			path = Onboarding;
			sourceTree = "<group>";
		};
		7240822A9DD8E52F42264117 /* Frameworks */ = {
			isa = PBXGroup;
			children = (
				0F8E327EDD05548D0F815F48 /* Pods_TechTeam.framework */,
			);
			name = Frameworks;
			sourceTree = "<group>";
		};
/* End PBXGroup section */

/* Begin PBXNativeTarget section */
		6BE6694525CB36F9009BEF52 /* TechTeam */ = {
			isa = PBXNativeTarget;
			buildConfigurationList = 6BE6695A25CB36FB009BEF52 /* Build configuration list for PBXNativeTarget "TechTeam" */;
			buildPhases = (
				08E88154418BB82D91BBA9F6 /* [CP] Check Pods Manifest.lock */,
				6BE6694225CB36F9009BEF52 /* Sources */,
				6BE6694325CB36F9009BEF52 /* Frameworks */,
				6BE6694425CB36F9009BEF52 /* Resources */,
				025DEE93C3919339D3CF1499 /* [CP] Embed Pods Frameworks */,
			);
			buildRules = (
			);
			dependencies = (
			);
			name = TechTeam;
			productName = TechTeam;
			productReference = 6BE6694625CB36F9009BEF52 /* TechTeam.app */;
			productType = "com.apple.product-type.application";
		};
/* End PBXNativeTarget section */

/* Begin PBXProject section */
		6BE6693E25CB36F9009BEF52 /* Project object */ = {
			isa = PBXProject;
			attributes = {
				LastSwiftUpdateCheck = 1230;
				LastUpgradeCheck = 1230;
				TargetAttributes = {
					6BE6694525CB36F9009BEF52 = {
						CreatedOnToolsVersion = 12.3;
					};
				};
			};
			buildConfigurationList = 6BE6694125CB36F9009BEF52 /* Build configuration list for PBXProject "TechTeam" */;
			compatibilityVersion = "Xcode 9.3";
			developmentRegion = en;
			hasScannedForEncodings = 0;
			knownRegions = (
				en,
				Base,
			);
			mainGroup = 6BE6693D25CB36F9009BEF52;
			productRefGroup = 6BE6694725CB36F9009BEF52 /* Products */;
			projectDirPath = "";
			projectRoot = "";
			targets = (
				6BE6694525CB36F9009BEF52 /* TechTeam */,
			);
		};
/* End PBXProject section */

/* Begin PBXResourcesBuildPhase section */
		6BE6694425CB36F9009BEF52 /* Resources */ = {
			isa = PBXResourcesBuildPhase;
			buildActionMask = 2147483647;
			files = (
				6BE6698425CC2BEF009BEF52 /* Assets.xcassets in Resources */,
				6BE6695625CB36FB009BEF52 /* LaunchScreen.storyboard in Resources */,
			);
			runOnlyForDeploymentPostprocessing = 0;
		};
/* End PBXResourcesBuildPhase section */

/* Begin PBXShellScriptBuildPhase section */
		025DEE93C3919339D3CF1499 /* [CP] Embed Pods Frameworks */ = {
			isa = PBXShellScriptBuildPhase;
			buildActionMask = 2147483647;
			files = (
			);
			inputFileListPaths = (
				"${PODS_ROOT}/Target Support Files/Pods-TechTeam/Pods-TechTeam-frameworks-${CONFIGURATION}-input-files.xcfilelist",
			);
			name = "[CP] Embed Pods Frameworks";
			outputFileListPaths = (
				"${PODS_ROOT}/Target Support Files/Pods-TechTeam/Pods-TechTeam-frameworks-${CONFIGURATION}-output-files.xcfilelist",
			);
			runOnlyForDeploymentPostprocessing = 0;
			shellPath = /bin/sh;
			shellScript = "\"${PODS_ROOT}/Target Support Files/Pods-TechTeam/Pods-TechTeam-frameworks.sh\"\n";
			showEnvVarsInLog = 0;
		};
		08E88154418BB82D91BBA9F6 /* [CP] Check Pods Manifest.lock */ = {
			isa = PBXShellScriptBuildPhase;
			buildActionMask = 2147483647;
			files = (
			);
			inputFileListPaths = (
			);
			inputPaths = (
				"${PODS_PODFILE_DIR_PATH}/Podfile.lock",
				"${PODS_ROOT}/Manifest.lock",
			);
			name = "[CP] Check Pods Manifest.lock";
			outputFileListPaths = (
			);
			outputPaths = (
				"$(DERIVED_FILE_DIR)/Pods-TechTeam-checkManifestLockResult.txt",
			);
			runOnlyForDeploymentPostprocessing = 0;
			shellPath = /bin/sh;
			shellScript = "diff \"${PODS_PODFILE_DIR_PATH}/Podfile.lock\" \"${PODS_ROOT}/Manifest.lock\" > /dev/null\nif [ $? != 0 ] ; then\n    # print error to STDERR\n    echo \"error: The sandbox is not in sync with the Podfile.lock. Run 'pod install' or update your CocoaPods installation.\" >&2\n    exit 1\nfi\n# This output is used by Xcode 'outputs' to avoid re-running this script phase.\necho \"SUCCESS\" > \"${SCRIPT_OUTPUT_FILE_0}\"\n";
			showEnvVarsInLog = 0;
		};
/* End PBXShellScriptBuildPhase section */

/* Begin PBXSourcesBuildPhase section */
		6BE6694225CB36F9009BEF52 /* Sources */ = {
			isa = PBXSourcesBuildPhase;
			buildActionMask = 2147483647;
			files = (
				6BC7512B25D1EBF00040F6EE /* PrgoressIndicator.swift in Sources */,
				6BC7517225D2B2130040F6EE /* EventFeatures.swift in Sources */,
				6BC7513925D1F23D0040F6EE /* EmployeeDetailsViewHostingController.swift in Sources */,
				6BE669AD25CD83A9009BEF52 /* BaseCollectionCell.swift in Sources */,
				6BC7514F25D2205E0040F6EE /* UIImage+Crop.swift in Sources */,
				6BC7511D25D1EB500040F6EE /* CustomAnimationDismisser.swift in Sources */,
				6B41C08F25CDCC16002CB503 /* OnboardingPage.swift in Sources */,
				6BE6694E25CB36F9009BEF52 /* SplashViewController.swift in Sources */,
				6BC7512625D1EBD60040F6EE /* VerticalStackView.swift in Sources */,
				6BC7516A25D2AC950040F6EE /* AnalyticsManager.swift in Sources */,
				6BC7514725D216730040F6EE /* UIViewController+AlertControllers.swift in Sources */,
				6B41C0D825D0961A002CB503 /* EmployeeDetailsView.swift in Sources */,
				6B41C09425CDFDB9002CB503 /* OnboardinPageControllerView.swift in Sources */,
				6B41C0C225D022CF002CB503 /* EmployeeListViewModel.swift in Sources */,
				6BC7513625D1F1E20040F6EE /* EmployeeCell.swift in Sources */,
				6BC7514C25D21FF40040F6EE /* APIManager.swift in Sources */,
				6B41C08B25CDCB99002CB503 /* OnboardingPageListViewModel.swift in Sources */,
				6BE6699225CC8D16009BEF52 /* CABasicAnimation.swift in Sources */,
				6BE6697F25CC0425009BEF52 /* UIColor.swift in Sources */,
				6B41C0C625D022EC002CB503 /* Employee.swift in Sources */,
				6BC7511625D1E9A40040F6EE /* OnboardingCollectionViewController+PageController.swift in Sources */,
				6BE6698725CC2CB7009BEF52 /* SplashView.swift in Sources */,
				6BC7510325D1E5C50040F6EE /* OnboardingCollectionViewController+Collection.swift in Sources */,
				6BC7515325D222BA0040F6EE /* EmployeeViewModel.swift in Sources */,
				6BE6698A25CC2CE5009BEF52 /* BaseView.swift in Sources */,
				6BC7516425D225700040F6EE /* EmployeeDetailsBackCard.swift in Sources */,
				6BC7516125D225540040F6EE /* EmployeeDetailsFrontCard.swift in Sources */,
				6B41C09F25CDFF8E002CB503 /* EmployeesCollectionViewController.swift in Sources */,
				6BE6697925CB424A009BEF52 /* UIView+AutoLayout.swift in Sources */,
				6B41C09B25CDFE9B002CB503 /* OnboardingPageCell.swift in Sources */,
				6BC7516E25D2B1F90040F6EE /* Event.swift in Sources */,
				6BE6699525CC8E9E009BEF52 /* CircularShapeLayer.swift in Sources */,
				6BE6699F25CD4950009BEF52 /* OnboardingCollectionViewController.swift in Sources */,
				6BC7513225D1F1C30040F6EE /* EmployeeHeaderCell.swift in Sources */,
				6B41C0E625D189B8002CB503 /* Delay.swift in Sources */,
				6B41C0BF25D02251002CB503 /* CustomNavigationController.swift in Sources */,
				6BC7512125D1EB790040F6EE /* CustomAnimationPresenter.swift in Sources */,
				6BC7514425D2020C0040F6EE /* EmployeesCollectionViewController+Collection.swift in Sources */,
				6BC7516725D225C80040F6EE /* EmployeeDetialsCard.swift in Sources */,
				6BE6694A25CB36F9009BEF52 /* AppDelegate.swift in Sources */,
				6BC7515D25D225090040F6EE /* ImageDownloader.swift in Sources */,
				6BC7513E25D1F38F0040F6EE /* EmployeesCollectionViewController+HeaderCell.swift in Sources */,
			);
			runOnlyForDeploymentPostprocessing = 0;
		};
/* End PBXSourcesBuildPhase section */

/* Begin PBXVariantGroup section */
		6BE6695425CB36FB009BEF52 /* LaunchScreen.storyboard */ = {
			isa = PBXVariantGroup;
			children = (
				6BE6695525CB36FB009BEF52 /* Base */,
			);
			name = LaunchScreen.storyboard;
			sourceTree = "<group>";
		};
/* End PBXVariantGroup section */

/* Begin XCBuildConfiguration section */
		6BE6695825CB36FB009BEF52 /* Debug */ = {
			isa = XCBuildConfiguration;
			buildSettings = {
				ALWAYS_SEARCH_USER_PATHS = NO;
				CLANG_ANALYZER_NONNULL = YES;
				CLANG_ANALYZER_NUMBER_OBJECT_CONVERSION = YES_AGGRESSIVE;
				CLANG_CXX_LANGUAGE_STANDARD = "gnu++14";
				CLANG_CXX_LIBRARY = "libc++";
				CLANG_ENABLE_MODULES = YES;
				CLANG_ENABLE_OBJC_ARC = YES;
				CLANG_ENABLE_OBJC_WEAK = YES;
				CLANG_WARN_BLOCK_CAPTURE_AUTORELEASING = YES;
				CLANG_WARN_BOOL_CONVERSION = YES;
				CLANG_WARN_COMMA = YES;
				CLANG_WARN_CONSTANT_CONVERSION = YES;
				CLANG_WARN_DEPRECATED_OBJC_IMPLEMENTATIONS = YES;
				CLANG_WARN_DIRECT_OBJC_ISA_USAGE = YES_ERROR;
				CLANG_WARN_DOCUMENTATION_COMMENTS = YES;
				CLANG_WARN_EMPTY_BODY = YES;
				CLANG_WARN_ENUM_CONVERSION = YES;
				CLANG_WARN_INFINITE_RECURSION = YES;
				CLANG_WARN_INT_CONVERSION = YES;
				CLANG_WARN_NON_LITERAL_NULL_CONVERSION = YES;
				CLANG_WARN_OBJC_IMPLICIT_RETAIN_SELF = YES;
				CLANG_WARN_OBJC_LITERAL_CONVERSION = YES;
				CLANG_WARN_OBJC_ROOT_CLASS = YES_ERROR;
				CLANG_WARN_QUOTED_INCLUDE_IN_FRAMEWORK_HEADER = YES;
				CLANG_WARN_RANGE_LOOP_ANALYSIS = YES;
				CLANG_WARN_STRICT_PROTOTYPES = YES;
				CLANG_WARN_SUSPICIOUS_MOVE = YES;
				CLANG_WARN_UNGUARDED_AVAILABILITY = YES_AGGRESSIVE;
				CLANG_WARN_UNREACHABLE_CODE = YES;
				CLANG_WARN__DUPLICATE_METHOD_MATCH = YES;
				COPY_PHASE_STRIP = NO;
				DEBUG_INFORMATION_FORMAT = dwarf;
				ENABLE_STRICT_OBJC_MSGSEND = YES;
				ENABLE_TESTABILITY = YES;
				GCC_C_LANGUAGE_STANDARD = gnu11;
				GCC_DYNAMIC_NO_PIC = NO;
				GCC_NO_COMMON_BLOCKS = YES;
				GCC_OPTIMIZATION_LEVEL = 0;
				GCC_PREPROCESSOR_DEFINITIONS = (
					"DEBUG=1",
					"$(inherited)",
				);
				GCC_WARN_64_TO_32_BIT_CONVERSION = YES;
				GCC_WARN_ABOUT_RETURN_TYPE = YES_ERROR;
				GCC_WARN_UNDECLARED_SELECTOR = YES;
				GCC_WARN_UNINITIALIZED_AUTOS = YES_AGGRESSIVE;
				GCC_WARN_UNUSED_FUNCTION = YES;
				GCC_WARN_UNUSED_VARIABLE = YES;
				IPHONEOS_DEPLOYMENT_TARGET = 13.0;
				MTL_ENABLE_DEBUG_INFO = INCLUDE_SOURCE;
				MTL_FAST_MATH = YES;
				ONLY_ACTIVE_ARCH = YES;
				SDKROOT = iphoneos;
				SWIFT_ACTIVE_COMPILATION_CONDITIONS = DEBUG;
				SWIFT_OPTIMIZATION_LEVEL = "-Onone";
			};
			name = Debug;
		};
		6BE6695925CB36FB009BEF52 /* Release */ = {
			isa = XCBuildConfiguration;
			buildSettings = {
				ALWAYS_SEARCH_USER_PATHS = NO;
				CLANG_ANALYZER_NONNULL = YES;
				CLANG_ANALYZER_NUMBER_OBJECT_CONVERSION = YES_AGGRESSIVE;
				CLANG_CXX_LANGUAGE_STANDARD = "gnu++14";
				CLANG_CXX_LIBRARY = "libc++";
				CLANG_ENABLE_MODULES = YES;
				CLANG_ENABLE_OBJC_ARC = YES;
				CLANG_ENABLE_OBJC_WEAK = YES;
				CLANG_WARN_BLOCK_CAPTURE_AUTORELEASING = YES;
				CLANG_WARN_BOOL_CONVERSION = YES;
				CLANG_WARN_COMMA = YES;
				CLANG_WARN_CONSTANT_CONVERSION = YES;
				CLANG_WARN_DEPRECATED_OBJC_IMPLEMENTATIONS = YES;
				CLANG_WARN_DIRECT_OBJC_ISA_USAGE = YES_ERROR;
				CLANG_WARN_DOCUMENTATION_COMMENTS = YES;
				CLANG_WARN_EMPTY_BODY = YES;
				CLANG_WARN_ENUM_CONVERSION = YES;
				CLANG_WARN_INFINITE_RECURSION = YES;
				CLANG_WARN_INT_CONVERSION = YES;
				CLANG_WARN_NON_LITERAL_NULL_CONVERSION = YES;
				CLANG_WARN_OBJC_IMPLICIT_RETAIN_SELF = YES;
				CLANG_WARN_OBJC_LITERAL_CONVERSION = YES;
				CLANG_WARN_OBJC_ROOT_CLASS = YES_ERROR;
				CLANG_WARN_QUOTED_INCLUDE_IN_FRAMEWORK_HEADER = YES;
				CLANG_WARN_RANGE_LOOP_ANALYSIS = YES;
				CLANG_WARN_STRICT_PROTOTYPES = YES;
				CLANG_WARN_SUSPICIOUS_MOVE = YES;
				CLANG_WARN_UNGUARDED_AVAILABILITY = YES_AGGRESSIVE;
				CLANG_WARN_UNREACHABLE_CODE = YES;
				CLANG_WARN__DUPLICATE_METHOD_MATCH = YES;
				COPY_PHASE_STRIP = NO;
				DEBUG_INFORMATION_FORMAT = "dwarf-with-dsym";
				ENABLE_NS_ASSERTIONS = NO;
				ENABLE_STRICT_OBJC_MSGSEND = YES;
				GCC_C_LANGUAGE_STANDARD = gnu11;
				GCC_NO_COMMON_BLOCKS = YES;
				GCC_WARN_64_TO_32_BIT_CONVERSION = YES;
				GCC_WARN_ABOUT_RETURN_TYPE = YES_ERROR;
				GCC_WARN_UNDECLARED_SELECTOR = YES;
				GCC_WARN_UNINITIALIZED_AUTOS = YES_AGGRESSIVE;
				GCC_WARN_UNUSED_FUNCTION = YES;
				GCC_WARN_UNUSED_VARIABLE = YES;
				IPHONEOS_DEPLOYMENT_TARGET = 13.0;
				MTL_ENABLE_DEBUG_INFO = NO;
				MTL_FAST_MATH = YES;
				SDKROOT = iphoneos;
				SWIFT_COMPILATION_MODE = wholemodule;
				SWIFT_OPTIMIZATION_LEVEL = "-O";
				VALIDATE_PRODUCT = YES;
			};
			name = Release;
		};
		6BE6695B25CB36FB009BEF52 /* Debug */ = {
			isa = XCBuildConfiguration;
			baseConfigurationReference = 3428D9B8196109A80D41C649 /* Pods-TechTeam.debug.xcconfig */;
			buildSettings = {
				ASSETCATALOG_COMPILER_APPICON_NAME = AppIcon;
				ASSETCATALOG_COMPILER_GLOBAL_ACCENT_COLOR_NAME = AccentColor;
				CODE_SIGN_STYLE = Automatic;
				DEVELOPMENT_TEAM = 74PDM76YJS;
				INFOPLIST_FILE = TechTeam/Info.plist;
				IPHONEOS_DEPLOYMENT_TARGET = 13.0;
				LD_RUNPATH_SEARCH_PATHS = (
					"$(inherited)",
					"@executable_path/Frameworks",
				);
				PRODUCT_BUNDLE_IDENTIFIER = ivica.TechTeam;
				PRODUCT_NAME = "$(TARGET_NAME)";
				SWIFT_VERSION = 5.0;
				TARGETED_DEVICE_FAMILY = 1;
			};
			name = Debug;
		};
		6BE6695C25CB36FB009BEF52 /* Release */ = {
			isa = XCBuildConfiguration;
			baseConfigurationReference = 02A8758500131BEA333C7259 /* Pods-TechTeam.release.xcconfig */;
			buildSettings = {
				ASSETCATALOG_COMPILER_APPICON_NAME = AppIcon;
				ASSETCATALOG_COMPILER_GLOBAL_ACCENT_COLOR_NAME = AccentColor;
				CODE_SIGN_STYLE = Automatic;
				DEVELOPMENT_TEAM = 74PDM76YJS;
				INFOPLIST_FILE = TechTeam/Info.plist;
				IPHONEOS_DEPLOYMENT_TARGET = 13.0;
				LD_RUNPATH_SEARCH_PATHS = (
					"$(inherited)",
					"@executable_path/Frameworks",
				);
				PRODUCT_BUNDLE_IDENTIFIER = ivica.TechTeam;
				PRODUCT_NAME = "$(TARGET_NAME)";
				SWIFT_VERSION = 5.0;
				TARGETED_DEVICE_FAMILY = 1;
			};
			name = Release;
		};
/* End XCBuildConfiguration section */

/* Begin XCConfigurationList section */
		6BE6694125CB36F9009BEF52 /* Build configuration list for PBXProject "TechTeam" */ = {
			isa = XCConfigurationList;
			buildConfigurations = (
				6BE6695825CB36FB009BEF52 /* Debug */,
				6BE6695925CB36FB009BEF52 /* Release */,
			);
			defaultConfigurationIsVisible = 0;
			defaultConfigurationName = Release;
		};
		6BE6695A25CB36FB009BEF52 /* Build configuration list for PBXNativeTarget "TechTeam" */ = {
			isa = XCConfigurationList;
			buildConfigurations = (
				6BE6695B25CB36FB009BEF52 /* Debug */,
				6BE6695C25CB36FB009BEF52 /* Release */,
			);
			defaultConfigurationIsVisible = 0;
			defaultConfigurationName = Release;
		};
/* End XCConfigurationList section */
	};
	rootObject = 6BE6693E25CB36F9009BEF52 /* Project object */;
}
